
Microsoft Visual Studio Solution File, Format Version 12.00
# Visual Studio Version 16
VisualStudioVersion = 16.0.29920.165
MinimumVisualStudioVersion = 10.0.40219.1
Project("{9A19103F-16F7-4668-BE54-9A1E7A4F7556}") = "Winner.Models", "..\Winner.Models\Winner.Models.csproj", "{D4E72DAF-79C5-46E9-8F0E-2D0C477DDB31}"
EndProject
Project("{9A19103F-16F7-4668-BE54-9A1E7A4F7556}") = "Ishareshop.Mobile", "..\Ishareshop.Mobile\Ishareshop.Mobile.csproj", "{3C27BC40-D2B9-4EB6-ACC5-384AA0AE0CB7}"
EndProject
Project("{9A19103F-16F7-4668-BE54-9A1E7A4F7556}") = "Winner.AdminSystem", "..\Winner.AdminSystem\Winner.AdminSystem.csproj", "{EC276CAF-BA5C-4ECA-AF81-7F8E463155C7}"
EndProject
Project("{9A19103F-16F7-4668-BE54-9A1E7A4F7556}") = "Winner.Extends", "..\Winner.Extends\Winner.Extends.csproj", "{4F88B5CD-B9DD-4DD3-B0A4-709E22245C84}"
EndProject
Project("{9A19103F-16F7-4668-BE54-9A1E7A4F7556}") = "Ishareshop.Api", "..\Ishareshop.Api\Ishareshop.Api.csproj", "{A9EC29BB-F284-42F8-AE4C-2552F90EDEA7}"
EndProject
Project("{9A19103F-16F7-4668-BE54-9A1E7A4F7556}") = "Winner.Repository", "..\Winner.Repository\Winner.Repository.csproj", "{0410696C-B5CA-47B9-BCA7-5BB732CC6F08}"
EndProject
Project("{9A19103F-16F7-4668-BE54-9A1E7A4F7556}") = "Winner.IRepository", "..\Winner.IRepository\Winner.IRepository.csproj", "{5044654B-A738-4BE1-96F3-2D989287D95A}"
EndProject
Project("{2150E333-8FDC-42A3-9474-1A3956D46DE8}") = "UI", "UI", "{E0C82D98-BAB2-4F37-93A5-59F2A7450221}"
EndProject
Global
	GlobalSection(SolutionConfigurationPlatforms) = preSolution
		Debug|Any CPU = Debug|Any CPU
		Release|Any CPU = Release|Any CPU
	EndGlobalSection
	GlobalSection(ProjectConfigurationPlatforms) = postSolution
		{D4E72DAF-79C5-46E9-8F0E-2D0C477DDB31}.Debug|Any CPU.ActiveCfg = Debug|Any CPU
		{D4E72DAF-79C5-46E9-8F0E-2D0C477DDB31}.Debug|Any CPU.Build.0 = Debug|Any CPU
		{D4E72DAF-79C5-46E9-8F0E-2D0C477DDB31}.Release|Any CPU.ActiveCfg = Release|Any CPU
		{D4E72DAF-79C5-46E9-8F0E-2D0C477DDB31}.Release|Any CPU.Build.0 = Release|Any CPU
		{3C27BC40-D2B9-4EB6-ACC5-384AA0AE0CB7}.Debug|Any CPU.ActiveCfg = Debug|Any CPU
		{3C27BC40-D2B9-4EB6-ACC5-384AA0AE0CB7}.Debug|Any CPU.Build.0 = Debug|Any CPU
		{3C27BC40-D2B9-4EB6-ACC5-384AA0AE0CB7}.Release|Any CPU.ActiveCfg = Release|Any CPU
		{3C27BC40-D2B9-4EB6-ACC5-384AA0AE0CB7}.Release|Any CPU.Build.0 = Release|Any CPU
		{EC276CAF-BA5C-4ECA-AF81-7F8E463155C7}.Debug|Any CPU.ActiveCfg = Debug|Any CPU
		{EC276CAF-BA5C-4ECA-AF81-7F8E463155C7}.Debug|Any CPU.Build.0 = Debug|Any CPU
		{EC276CAF-BA5C-4ECA-AF81-7F8E463155C7}.Release|Any CPU.ActiveCfg = Release|Any CPU
		{EC276CAF-BA5C-4ECA-AF81-7F8E463155C7}.Release|Any CPU.Build.0 = Release|Any CPU
		{4F88B5CD-B9DD-4DD3-B0A4-709E22245C84}.Debug|Any CPU.ActiveCfg = Debug|Any CPU
		{4F88B5CD-B9DD-4DD3-B0A4-709E22245C84}.Debug|Any CPU.Build.0 = Debug|Any CPU
		{4F88B5CD-B9DD-4DD3-B0A4-709E22245C84}.Release|Any CPU.ActiveCfg = Release|Any CPU
		{4F88B5CD-B9DD-4DD3-B0A4-709E22245C84}.Release|Any CPU.Build.0 = Release|Any CPU
		{A9EC29BB-F284-42F8-AE4C-2552F90EDEA7}.Debug|Any CPU.ActiveCfg = Debug|Any CPU
		{A9EC29BB-F284-42F8-AE4C-2552F90EDEA7}.Debug|Any CPU.Build.0 = Debug|Any CPU
		{A9EC29BB-F284-42F8-AE4C-2552F90EDEA7}.Release|Any CPU.ActiveCfg = Release|Any CPU
		{A9EC29BB-F284-42F8-AE4C-2552F90EDEA7}.Release|Any CPU.Build.0 = Release|Any CPU
		{0410696C-B5CA-47B9-BCA7-5BB732CC6F08}.Debug|Any CPU.ActiveCfg = Debug|Any CPU
		{0410696C-B5CA-47B9-BCA7-5BB732CC6F08}.Debug|Any CPU.Build.0 = Debug|Any CPU
		{0410696C-B5CA-47B9-BCA7-5BB732CC6F08}.Release|Any CPU.ActiveCfg = Release|Any CPU
		{0410696C-B5CA-47B9-BCA7-5BB732CC6F08}.Release|Any CPU.Build.0 = Release|Any CPU
		{5044654B-A738-4BE1-96F3-2D989287D95A}.Debug|Any CPU.ActiveCfg = Debug|Any CPU
		{5044654B-A738-4BE1-96F3-2D989287D95A}.Debug|Any CPU.Build.0 = Debug|Any CPU
		{5044654B-A738-4BE1-96F3-2D989287D95A}.Release|Any CPU.ActiveCfg = Release|Any CPU
		{5044654B-A738-4BE1-96F3-2D989287D95A}.Release|Any CPU.Build.0 = Release|Any CPU
	EndGlobalSection
	GlobalSection(SolutionProperties) = preSolution
		HideSolutionNode = FALSE
	EndGlobalSection
	GlobalSection(NestedProjects) = preSolution
		{3C27BC40-D2B9-4EB6-ACC5-384AA0AE0CB7} = {E0C82D98-BAB2-4F37-93A5-59F2A7450221}
		{EC276CAF-BA5C-4ECA-AF81-7F8E463155C7} = {E0C82D98-BAB2-4F37-93A5-59F2A7450221}
	EndGlobalSection
	GlobalSection(ExtensibilityGlobals) = postSolution
		SolutionGuid = {E50BD4A4-1710-450A-880C-D7131892DFCF}
	EndGlobalSection
EndGlobal
